
Microsoft Visual Studio Solution File, Format Version 12.00
# Visual Studio Version 16
VisualStudioVersion = 16.0.30804.86
MinimumVisualStudioVersion = 10.0.40219.1
Project("{9A19103F-16F7-4668-BE54-9A1E7A4F7556}") = "Crude", "Crude\Crude.csproj", "{05E8345F-27D5-49BA-A318-9E2BABB4D949}"
EndProject
Project("{9A19103F-16F7-4668-BE54-9A1E7A4F7556}") = "Crude.Demo", "Crude.Demo\Crude.Demo.csproj", "{B06357A6-57C2-4F14-B046-7269285F6B16}"
EndProject
Project("{9A19103F-16F7-4668-BE54-9A1E7A4F7556}") = "Crude.Demo.Wasm", "Crude.Demo.Wasm\Crude.Demo.Wasm.csproj", "{08D571B8-03D3-45BA-AFA5-69C8715499D0}"
EndProject
Global
	GlobalSection(SolutionConfigurationPlatforms) = preSolution
		Debug|Any CPU = Debug|Any CPU
		Release|Any CPU = Release|Any CPU
	EndGlobalSection
	GlobalSection(ProjectConfigurationPlatforms) = postSolution
		{05E8345F-27D5-49BA-A318-9E2BABB4D949}.Debug|Any CPU.ActiveCfg = Debug|Any CPU
		{05E8345F-27D5-49BA-A318-9E2BABB4D949}.Debug|Any CPU.Build.0 = Debug|Any CPU
		{05E8345F-27D5-49BA-A318-9E2BABB4D949}.Release|Any CPU.ActiveCfg = Release|Any CPU
		{05E8345F-27D5-49BA-A318-9E2BABB4D949}.Release|Any CPU.Build.0 = Release|Any CPU
		{B06357A6-57C2-4F14-B046-7269285F6B16}.Debug|Any CPU.ActiveCfg = Debug|Any CPU
		{B06357A6-57C2-4F14-B046-7269285F6B16}.Debug|Any CPU.Build.0 = Debug|Any CPU
		{B06357A6-57C2-4F14-B046-7269285F6B16}.Release|Any CPU.ActiveCfg = Release|Any CPU
		{B06357A6-57C2-4F14-B046-7269285F6B16}.Release|Any CPU.Build.0 = Release|Any CPU
		{08D571B8-03D3-45BA-AFA5-69C8715499D0}.Debug|Any CPU.ActiveCfg = Debug|Any CPU
		{08D571B8-03D3-45BA-AFA5-69C8715499D0}.Debug|Any CPU.Build.0 = Debug|Any CPU
		{08D571B8-03D3-45BA-AFA5-69C8715499D0}.Release|Any CPU.ActiveCfg = Release|Any CPU
		{08D571B8-03D3-45BA-AFA5-69C8715499D0}.Release|Any CPU.Build.0 = Release|Any CPU
	EndGlobalSection
	GlobalSection(SolutionProperties) = preSolution
		HideSolutionNode = FALSE
	EndGlobalSection
	GlobalSection(ExtensibilityGlobals) = postSolution
		SolutionGuid = {C08AC116-8E27-43E1-BF5F-AACA5B32DD5F}
	EndGlobalSection
EndGlobal
